
Microsoft Visual Studio Solution File, Format Version 12.00
# Visual Studio 2013
VisualStudioVersion = 12.0.40629.0
MinimumVisualStudioVersion = 10.0.40219.1
Project("{FAE04EC0-301F-11D3-BF4B-00C04F79EFBC}") = "LeetCode", "LeetCode\LeetCode.csproj", "{14FB757A-08F7-40A3-918F-35A1F4641B09}"
EndProject
Project("{FAE04EC0-301F-11D3-BF4B-00C04F79EFBC}") = "UnitTestLeetCode", "UnitTestLeetCode\UnitTestLeetCode.csproj", "{90B4D31A-3568-48B3-A2D0-D1863B754899}"
EndProject
Project("{FAE04EC0-301F-11D3-BF4B-00C04F79EFBC}") = "LeetCodeLinQ", "LeetCodeLinQ\LeetCodeLinQ.csproj", "{B222E7D9-7B82-471C-91D8-FB0B81938A0A}"
EndProject
Global
	GlobalSection(SolutionConfigurationPlatforms) = preSolution
		Debug|Any CPU = Debug|Any CPU
		Release|Any CPU = Release|Any CPU
	EndGlobalSection
	GlobalSection(ProjectConfigurationPlatforms) = postSolution
		{14FB757A-08F7-40A3-918F-35A1F4641B09}.Debug|Any CPU.ActiveCfg = Debug|Any CPU
		{14FB757A-08F7-40A3-918F-35A1F4641B09}.Debug|Any CPU.Build.0 = Debug|Any CPU
		{14FB757A-08F7-40A3-918F-35A1F4641B09}.Release|Any CPU.ActiveCfg = Release|Any CPU
		{14FB757A-08F7-40A3-918F-35A1F4641B09}.Release|Any CPU.Build.0 = Release|Any CPU
		{90B4D31A-3568-48B3-A2D0-D1863B754899}.Debug|Any CPU.ActiveCfg = Debug|Any CPU
		{90B4D31A-3568-48B3-A2D0-D1863B754899}.Debug|Any CPU.Build.0 = Debug|Any CPU
		{90B4D31A-3568-48B3-A2D0-D1863B754899}.Release|Any CPU.ActiveCfg = Release|Any CPU
		{90B4D31A-3568-48B3-A2D0-D1863B754899}.Release|Any CPU.Build.0 = Release|Any CPU
		{B222E7D9-7B82-471C-91D8-FB0B81938A0A}.Debug|Any CPU.ActiveCfg = Debug|Any CPU
		{B222E7D9-7B82-471C-91D8-FB0B81938A0A}.Debug|Any CPU.Build.0 = Debug|Any CPU
		{B222E7D9-7B82-471C-91D8-FB0B81938A0A}.Release|Any CPU.ActiveCfg = Release|Any CPU
		{B222E7D9-7B82-471C-91D8-FB0B81938A0A}.Release|Any CPU.Build.0 = Release|Any CPU
	EndGlobalSection
	GlobalSection(SolutionProperties) = preSolution
		HideSolutionNode = FALSE
	EndGlobalSection
EndGlobal
